{
  "name": "weichatapp-master",
  "lockfileVersion": 2,
  "requires": true,
  "packages": {
    "": {
      "dependencies": {
        "@miniprogram-component-plus/select-text": "^1.0.1"
      }
    },
    "node_modules/@miniprogram-component-plus/select-text": {
      "version": "1.0.1",
      "resolved": "https://registry.npmmirror.com/@miniprogram-component-plus/select-text/-/select-text-1.0.1.tgz",
      "integrity": "sha512-aJaDeqy3eSbi1Rc/EDU+2PomFf3PuCsQviXaoJqo7ms7GUlFBpBg4BeL+TmtaLkieNVB/v29CjEPaMGKAEW17g=="
    }
  },
  "dependencies": {
    "@miniprogram-component-plus/select-text": {
      "version": "1.0.1",
      "resolved": "https://registry.npmmirror.com/@miniprogram-component-plus/select-text/-/select-text-1.0.1.tgz",
      "integrity": "sha512-aJaDeqy3eSbi1Rc/EDU+2PomFf3PuCsQviXaoJqo7ms7GUlFBpBg4BeL+TmtaLkieNVB/v29CjEPaMGKAEW17g=="
    }
  }
}
